{
  "version": 4,
  "terraform_version": "1.9.6",
  "serial": 35,
  "lineage": "dd4bab65-7049-f4e5-0eda-370bdc8155c5",
  "outputs": {
    "external_ip_address_vm_1": {
      "value": "84.201.140.19",
      "type": "string"
    }
  },
  "resources": [
    {
      "mode": "managed",
      "type": "yandex_compute_instance",
      "name": "vm-1",
      "provider": "provider[\"registry.terraform.io/yandex-cloud/yandex\"]",
      "instances": [
        {
          "schema_version": 1,
          "attributes": {
            "allow_recreate": null,
            "allow_stopping_for_update": true,
            "boot_disk": [
              {
                "auto_delete": true,
                "device_name": "epdjf19ht024d51hhr7g",
                "disk_id": "epdjf19ht024d51hhr7g",
                "initialize_params": [
                  {
                    "block_size": 4096,
                    "description": "",
                    "image_id": "fd87kbts7j40q5b9rpjr",
                    "name": "",
                    "size": 10,
                    "snapshot_id": "",
                    "type": "network-hdd"
                  }
                ],
                "mode": "READ_WRITE"
              }
            ],
            "created_at": "2024-09-21T12:45:32Z",
            "description": "",
            "filesystem": [],
            "folder_id": "b1gvdk8neje03f293jeb",
            "fqdn": "epdqle50s8ido7aaesba.auto.internal",
            "gpu_cluster_id": "",
            "hostname": "",
            "id": "epdqle50s8ido7aaesba",
            "labels": null,
            "local_disk": [],
            "maintenance_grace_period": "",
            "maintenance_policy": null,
            "metadata": {
              "user-data": "#cloud-config\ndatasource:\n  Ec2:\n    strict_id: false\nssh_pwauth: no\nusers:\n  - name: atsarev\n    sudo: ALL=(ALL) NOPASSWD:ALL\n    shell: /bin/bash\n    ssh_authorized_keys:\n      - ssh-rsa AAAAB3NzaC1yc2EAAAADAQABAAABgQCefdQWt07HKPa15MHE4DUDgIBCstqlEq9LOkAlSfe0zfMJ5y9Bd0M6dv8vzKoWSndqadzPsVfTQ5Xq/A+eqWhiGGBqYAqiJTVqPx2DOHn2nX/IRQvoDVcuk6/wteKmunitYyKE0a9g9/koPpUqs8sb9J4NGL/OiLvWt4xj0mQtZZQpyafK2dBzzJcKNqTSJbl3H2lXw9lNFLao7Mlyu2JdZmBWRk1q4zCaqW+mwuqwFCsOefrjmm133S1vESbrn6ULFnPz7kejDw78OTE1J2HkTIA6XX8Sb/WXbOto6or7uYRY+3mLeyvkiqCw0KKizTlj5enp6l/kubjrxzgERWvzrDdA2VIm8nmckTgUKvJnXCAeKETqO32zm2YrpZD/bsr7fdlp9IoO1ARbncKSHoji+JEnWWyfiabhCZgN3nkcPXsDs44Xmr8SbwthZml+8OvDGJfBdinMsc+CTEIq22Q3G5DmevQKQb6q4gUZGJb31jHPtWFnWT0ap0JIoopI6Ec=\nruncmd: []\n"
            },
            "metadata_options": [
              {
                "aws_v1_http_endpoint": 1,
                "aws_v1_http_token": 2,
                "gce_http_endpoint": 1,
                "gce_http_token": 1
              }
            ],
            "name": "terraform-vm",
            "network_acceleration_type": "standard",
            "network_interface": [
              {
                "dns_record": [],
                "index": 0,
                "ip_address": "192.168.10.9",
                "ipv4": true,
                "ipv6": false,
                "ipv6_address": "",
                "ipv6_dns_record": [],
                "mac_address": "d0:0d:1a:ab:8a:0e",
                "nat": true,
                "nat_dns_record": [],
                "nat_ip_address": "84.201.140.19",
                "nat_ip_version": "IPV4",
                "security_group_ids": [],
                "subnet_id": "e2lhdsgul2e6ptr2jmt2"
              }
            ],
            "placement_policy": [
              {
                "host_affinity_rules": [],
                "placement_group_id": "",
                "placement_group_partition": 0
              }
            ],
            "platform_id": "standard-v1",
            "resources": [
              {
                "core_fraction": 100,
                "cores": 2,
                "gpus": 0,
                "memory": 2
              }
            ],
            "scheduling_policy": [
              {
                "preemptible": false
              }
            ],
            "secondary_disk": [],
            "service_account_id": "",
            "status": "running",
            "timeouts": null,
            "zone": "ru-central1-b"
          },
          "sensitive_attributes": [],
          "private": "eyJlMmJmYjczMC1lY2FhLTExZTYtOGY4OC0zNDM2M2JjN2M0YzAiOnsiY3JlYXRlIjozMDAwMDAwMDAwMDAsImRlbGV0ZSI6MzAwMDAwMDAwMDAwLCJ1cGRhdGUiOjMwMDAwMDAwMDAwMH0sInNjaGVtYV92ZXJzaW9uIjoiMSJ9",
          "dependencies": [
            "yandex_vpc_network.network-1",
            "yandex_vpc_subnet.subnet-1"
          ]
        }
      ]
    },
    {
      "mode": "managed",
      "type": "yandex_vpc_network",
      "name": "network-1",
      "provider": "provider[\"registry.terraform.io/yandex-cloud/yandex\"]",
      "instances": [
        {
          "schema_version": 0,
          "attributes": {
            "created_at": "2024-09-21T12:42:40Z",
            "default_security_group_id": "enpus588netdpe79b11i",
            "description": "",
            "folder_id": "b1gvdk8neje03f293jeb",
            "id": "enp9u402ffj404ngupgf",
            "labels": {},
            "name": "network1",
            "subnet_ids": [
              "e2lhdsgul2e6ptr2jmt2"
            ],
            "timeouts": null
          },
          "sensitive_attributes": [],
          "private": "eyJlMmJmYjczMC1lY2FhLTExZTYtOGY4OC0zNDM2M2JjN2M0YzAiOnsiY3JlYXRlIjo2MDAwMDAwMDAwMCwiZGVsZXRlIjo2MDAwMDAwMDAwMCwidXBkYXRlIjo2MDAwMDAwMDAwMH19"
        }
      ]
    },
    {
      "mode": "managed",
      "type": "yandex_vpc_subnet",
      "name": "subnet-1",
      "provider": "provider[\"registry.terraform.io/yandex-cloud/yandex\"]",
      "instances": [
        {
          "schema_version": 0,
          "attributes": {
            "created_at": "2024-09-21T12:42:42Z",
            "description": "",
            "dhcp_options": [],
            "folder_id": "b1gvdk8neje03f293jeb",
            "id": "e2lhdsgul2e6ptr2jmt2",
            "labels": {},
            "name": "subnet1",
            "network_id": "enp9u402ffj404ngupgf",
            "route_table_id": "",
            "timeouts": null,
            "v4_cidr_blocks": [
              "192.168.10.0/24"
            ],
            "v6_cidr_blocks": [],
            "zone": "ru-central1-b"
          },
          "sensitive_attributes": [],
          "private": "eyJlMmJmYjczMC1lY2FhLTExZTYtOGY4OC0zNDM2M2JjN2M0YzAiOnsiY3JlYXRlIjoxODAwMDAwMDAwMDAsImRlbGV0ZSI6MTgwMDAwMDAwMDAwLCJ1cGRhdGUiOjE4MDAwMDAwMDAwMH19",
          "dependencies": [
            "yandex_vpc_network.network-1"
          ]
        }
      ]
    }
  ],
  "check_results": null
}
